// !$*UTF8*$!
{
	archiveVersion = 1;
	classes = {
	};
	objectVersion = 56;
	objects = {

/* Begin PBXBuildFile section */
		7AE7CB9F2AA5A9C200C67898 /* AppDelegate.swift in Sources */ = {isa = PBXBuildFile; fileRef = 7AE7CB9E2AA5A9C200C67898 /* AppDelegate.swift */; };
		7AE7CBA12AA5A9C200C67898 /* SceneDelegate.swift in Sources */ = {isa = PBXBuildFile; fileRef = 7AE7CBA02AA5A9C200C67898 /* SceneDelegate.swift */; };
		7AE7CBA32AA5A9C300C67898 /* ViewController.swift in Sources */ = {isa = PBXBuildFile; fileRef = 7AE7CBA22AA5A9C300C67898 /* ViewController.swift */; };
		7AE7CBA62AA5A9C300C67898 /* Main.storyboard in Resources */ = {isa = PBXBuildFile; fileRef = 7AE7CBA42AA5A9C300C67898 /* Main.storyboard */; };
		7AE7CBA82AA5A9C400C67898 /* Assets.xcassets in Resources */ = {isa = PBXBuildFile; fileRef = 7AE7CBA72AA5A9C400C67898 /* Assets.xcassets */; };
		7AE7CBAB2AA5A9C400C67898 /* LaunchScreen.storyboard in Resources */ = {isa = PBXBuildFile; fileRef = 7AE7CBA92AA5A9C400C67898 /* LaunchScreen.storyboard */; };
		7AE7CBB72AA5AA9E00C67898 /* WVController.swift in Sources */ = {isa = PBXBuildFile; fileRef = 7AE7CBB62AA5AA9E00C67898 /* WVController.swift */; };
/* End PBXBuildFile section */

/* Begin PBXFileReference section */
		7AE7CB9B2AA5A9C200C67898 /* Task-WebView.app */ = {isa = PBXFileReference; explicitFileType = wrapper.application; includeInIndex = 0; path = "Task-WebView.app"; sourceTree = BUILT_PRODUCTS_DIR; };
		7AE7CB9E2AA5A9C200C67898 /* AppDelegate.swift */ = {isa = PBXFileReference; lastKnownFileType = sourcecode.swift; path = AppDelegate.swift; sourceTree = "<group>"; };
		7AE7CBA02AA5A9C200C67898 /* SceneDelegate.swift */ = {isa = PBXFileReference; lastKnownFileType = sourcecode.swift; path = SceneDelegate.swift; sourceTree = "<group>"; };
		7AE7CBA22AA5A9C300C67898 /* ViewController.swift */ = {isa = PBXFileReference; lastKnownFileType = sourcecode.swift; path = ViewController.swift; sourceTree = "<group>"; };
		7AE7CBA52AA5A9C300C67898 /* Base */ = {isa = PBXFileReference; lastKnownFileType = file.storyboard; name = Base; path = Base.lproj/Main.storyboard; sourceTree = "<group>"; };
		7AE7CBA72AA5A9C400C67898 /* Assets.xcassets */ = {isa = PBXFileReference; lastKnownFileType = folder.assetcatalog; path = Assets.xcassets; sourceTree = "<group>"; };
		7AE7CBAA2AA5A9C400C67898 /* Base */ = {isa = PBXFileReference; lastKnownFileType = file.storyboard; name = Base; path = Base.lproj/LaunchScreen.storyboard; sourceTree = "<group>"; };
		7AE7CBAC2AA5A9C400C67898 /* Info.plist */ = {isa = PBXFileReference; lastKnownFileType = text.plist.xml; path = Info.plist; sourceTree = "<group>"; };
		7AE7CBB62AA5AA9E00C67898 /* WVController.swift */ = {isa = PBXFileReference; lastKnownFileType = sourcecode.swift; path = WVController.swift; sourceTree = "<group>"; };
/* End PBXFileReference section */

/* Begin PBXFrameworksBuildPhase section */
		7AE7CB982AA5A9C200C67898 /* Frameworks */ = {
			isa = PBXFrameworksBuildPhase;
			buildActionMask = 2147483647;
			files = (
			);
			runOnlyForDeploymentPostprocessing = 0;
		};
/* End PBXFrameworksBuildPhase section */

/* Begin PBXGroup section */
		7AE7CB922AA5A9C200C67898 = {
			isa = PBXGroup;
			children = (
				7AE7CB9D2AA5A9C200C67898 /* Task-WebView */,
				7AE7CB9C2AA5A9C200C67898 /* Products */,
			);
			sourceTree = "<group>";
		};
		7AE7CB9C2AA5A9C200C67898 /* Products */ = {
			isa = PBXGroup;
			children = (
				7AE7CB9B2AA5A9C200C67898 /* Task-WebView.app */,
			);
			name = Products;
			sourceTree = "<group>";
		};
		7AE7CB9D2AA5A9C200C67898 /* Task-WebView */ = {
			isa = PBXGroup;
			children = (
				7AE7CBB22AA5AA4800C67898 /* Application */,
				7AE7CBB32AA5AA5500C67898 /* Controller */,
				7AE7CBB42AA5AA5E00C67898 /* View */,
				7AE7CBB52AA5AA6C00C67898 /* Resources */,
				7AE7CBAC2AA5A9C400C67898 /* Info.plist */,
			);
			path = "Task-WebView";
			sourceTree = "<group>";
		};
		7AE7CBB22AA5AA4800C67898 /* Application */ = {
			isa = PBXGroup;
			children = (
				7AE7CB9E2AA5A9C200C67898 /* AppDelegate.swift */,
				7AE7CBA02AA5A9C200C67898 /* SceneDelegate.swift */,
			);
			path = Application;
			sourceTree = "<group>";
		};
		7AE7CBB32AA5AA5500C67898 /* Controller */ = {
			isa = PBXGroup;
			children = (
				7AE7CBA22AA5A9C300C67898 /* ViewController.swift */,
				7AE7CBB62AA5AA9E00C67898 /* WVController.swift */,
			);
			path = Controller;
			sourceTree = "<group>";
		};
		7AE7CBB42AA5AA5E00C67898 /* View */ = {
			isa = PBXGroup;
			children = (
				7AE7CBA42AA5A9C300C67898 /* Main.storyboard */,
				7AE7CBA92AA5A9C400C67898 /* LaunchScreen.storyboard */,
			);
			path = View;
			sourceTree = "<group>";
		};
		7AE7CBB52AA5AA6C00C67898 /* Resources */ = {
			isa = PBXGroup;
			children = (
				7AE7CBA72AA5A9C400C67898 /* Assets.xcassets */,
			);
			path = Resources;
			sourceTree = "<group>";
		};
/* End PBXGroup section */

/* Begin PBXNativeTarget section */
		7AE7CB9A2AA5A9C200C67898 /* Task-WebView */ = {
			isa = PBXNativeTarget;
			buildConfigurationList = 7AE7CBAF2AA5A9C400C67898 /* Build configuration list for PBXNativeTarget "Task-WebView" */;
			buildPhases = (
				7AE7CB972AA5A9C200C67898 /* Sources */,
				7AE7CB982AA5A9C200C67898 /* Frameworks */,
				7AE7CB992AA5A9C200C67898 /* Resources */,
			);
			buildRules = (
			);
			dependencies = (
			);
			name = "Task-WebView";
			productName = "Task-WebView";
			productReference = 7AE7CB9B2AA5A9C200C67898 /* Task-WebView.app */;
			productType = "com.apple.product-type.application";
		};
/* End PBXNativeTarget section */

/* Begin PBXProject section */
		7AE7CB932AA5A9C200C67898 /* Project object */ = {
			isa = PBXProject;
			attributes = {
				BuildIndependentTargetsInParallel = 1;
				LastSwiftUpdateCheck = 1430;
				LastUpgradeCheck = 1430;
				TargetAttributes = {
					7AE7CB9A2AA5A9C200C67898 = {
						CreatedOnToolsVersion = 14.3.1;
					};
				};
			};
			buildConfigurationList = 7AE7CB962AA5A9C200C67898 /* Build configuration list for PBXProject "Task-WebView" */;
			compatibilityVersion = "Xcode 14.0";
			developmentRegion = en;
			hasScannedForEncodings = 0;
			knownRegions = (
				en,
				Base,
			);
			mainGroup = 7AE7CB922AA5A9C200C67898;
			productRefGroup = 7AE7CB9C2AA5A9C200C67898 /* Products */;
			projectDirPath = "";
			projectRoot = "";
			targets = (
				7AE7CB9A2AA5A9C200C67898 /* Task-WebView */,
			);
		};
/* End PBXProject section */

/* Begin PBXResourcesBuildPhase section */
		7AE7CB992AA5A9C200C67898 /* Resources */ = {
			isa = PBXResourcesBuildPhase;
			buildActionMask = 2147483647;
			files = (
				7AE7CBAB2AA5A9C400C67898 /* LaunchScreen.storyboard in Resources */,
				7AE7CBA82AA5A9C400C67898 /* Assets.xcassets in Resources */,
				7AE7CBA62AA5A9C300C67898 /* Main.storyboard in Resources */,
			);
			runOnlyForDeploymentPostprocessing = 0;
		};
/* End PBXResourcesBuildPhase section */

/* Begin PBXSourcesBuildPhase section */
		7AE7CB972AA5A9C200C67898 /* Sources */ = {
			isa = PBXSourcesBuildPhase;
			buildActionMask = 2147483647;
			files = (
				7AE7CBA32AA5A9C300C67898 /* ViewController.swift in Sources */,
				7AE7CB9F2AA5A9C200C67898 /* AppDelegate.swift in Sources */,
				7AE7CBB72AA5AA9E00C67898 /* WVController.swift in Sources */,
				7AE7CBA12AA5A9C200C67898 /* SceneDelegate.swift in Sources */,
			);
			runOnlyForDeploymentPostprocessing = 0;
		};
/* End PBXSourcesBuildPhase section */

/* Begin PBXVariantGroup section */
		7AE7CBA42AA5A9C300C67898 /* Main.storyboard */ = {
			isa = PBXVariantGroup;
			children = (
				7AE7CBA52AA5A9C300C67898 /* Base */,
			);
			name = Main.storyboard;
			sourceTree = "<group>";
		};
		7AE7CBA92AA5A9C400C67898 /* LaunchScreen.storyboard */ = {
			isa = PBXVariantGroup;
			children = (
				7AE7CBAA2AA5A9C400C67898 /* Base */,
			);
			name = LaunchScreen.storyboard;
			sourceTree = "<group>";
		};
/* End PBXVariantGroup section */

/* Begin XCBuildConfiguration section */
		7AE7CBAD2AA5A9C400C67898 /* Debug */ = {
			isa = XCBuildConfiguration;
			buildSettings = {
				ALWAYS_SEARCH_USER_PATHS = NO;
				CLANG_ANALYZER_NONNULL = YES;
				CLANG_ANALYZER_NUMBER_OBJECT_CONVERSION = YES_AGGRESSIVE;
				CLANG_CXX_LANGUAGE_STANDARD = "gnu++20";
				CLANG_ENABLE_MODULES = YES;
				CLANG_ENABLE_OBJC_ARC = YES;
				CLANG_ENABLE_OBJC_WEAK = YES;
				CLANG_WARN_BLOCK_CAPTURE_AUTORELEASING = YES;
				CLANG_WARN_BOOL_CONVERSION = YES;
				CLANG_WARN_COMMA = YES;
				CLANG_WARN_CONSTANT_CONVERSION = YES;
				CLANG_WARN_DEPRECATED_OBJC_IMPLEMENTATIONS = YES;
				CLANG_WARN_DIRECT_OBJC_ISA_USAGE = YES_ERROR;
				CLANG_WARN_DOCUMENTATION_COMMENTS = YES;
				CLANG_WARN_EMPTY_BODY = YES;
				CLANG_WARN_ENUM_CONVERSION = YES;
				CLANG_WARN_INFINITE_RECURSION = YES;
				CLANG_WARN_INT_CONVERSION = YES;
				CLANG_WARN_NON_LITERAL_NULL_CONVERSION = YES;
				CLANG_WARN_OBJC_IMPLICIT_RETAIN_SELF = YES;
				CLANG_WARN_OBJC_LITERAL_CONVERSION = YES;
				CLANG_WARN_OBJC_ROOT_CLASS = YES_ERROR;
				CLANG_WARN_QUOTED_INCLUDE_IN_FRAMEWORK_HEADER = YES;
				CLANG_WARN_RANGE_LOOP_ANALYSIS = YES;
				CLANG_WARN_STRICT_PROTOTYPES = YES;
				CLANG_WARN_SUSPICIOUS_MOVE = YES;
				CLANG_WARN_UNGUARDED_AVAILABILITY = YES_AGGRESSIVE;
				CLANG_WARN_UNREACHABLE_CODE = YES;
				CLANG_WARN__DUPLICATE_METHOD_MATCH = YES;
				COPY_PHASE_STRIP = NO;
				DEBUG_INFORMATION_FORMAT = dwarf;
				ENABLE_STRICT_OBJC_MSGSEND = YES;
				ENABLE_TESTABILITY = YES;
				GCC_C_LANGUAGE_STANDARD = gnu11;
				GCC_DYNAMIC_NO_PIC = NO;
				GCC_NO_COMMON_BLOCKS = YES;
				GCC_OPTIMIZATION_LEVEL = 0;
				GCC_PREPROCESSOR_DEFINITIONS = (
					"DEBUG=1",
					"$(inherited)",
				);
				GCC_WARN_64_TO_32_BIT_CONVERSION = YES;
				GCC_WARN_ABOUT_RETURN_TYPE = YES_ERROR;
				GCC_WARN_UNDECLARED_SELECTOR = YES;
				GCC_WARN_UNINITIALIZED_AUTOS = YES_AGGRESSIVE;
				GCC_WARN_UNUSED_FUNCTION = YES;
				GCC_WARN_UNUSED_VARIABLE = YES;
				IPHONEOS_DEPLOYMENT_TARGET = 16.4;
				MTL_ENABLE_DEBUG_INFO = INCLUDE_SOURCE;
				MTL_FAST_MATH = YES;
				ONLY_ACTIVE_ARCH = YES;
				SDKROOT = iphoneos;
				SWIFT_ACTIVE_COMPILATION_CONDITIONS = DEBUG;
				SWIFT_OPTIMIZATION_LEVEL = "-Onone";
			};
			name = Debug;
		};
		7AE7CBAE2AA5A9C400C67898 /* Release */ = {
			isa = XCBuildConfiguration;
			buildSettings = {
				ALWAYS_SEARCH_USER_PATHS = NO;
				CLANG_ANALYZER_NONNULL = YES;
				CLANG_ANALYZER_NUMBER_OBJECT_CONVERSION = YES_AGGRESSIVE;
				CLANG_CXX_LANGUAGE_STANDARD = "gnu++20";
				CLANG_ENABLE_MODULES = YES;
				CLANG_ENABLE_OBJC_ARC = YES;
				CLANG_ENABLE_OBJC_WEAK = YES;
				CLANG_WARN_BLOCK_CAPTURE_AUTORELEASING = YES;
				CLANG_WARN_BOOL_CONVERSION = YES;
				CLANG_WARN_COMMA = YES;
				CLANG_WARN_CONSTANT_CONVERSION = YES;
				CLANG_WARN_DEPRECATED_OBJC_IMPLEMENTATIONS = YES;
				CLANG_WARN_DIRECT_OBJC_ISA_USAGE = YES_ERROR;
				CLANG_WARN_DOCUMENTATION_COMMENTS = YES;
				CLANG_WARN_EMPTY_BODY = YES;
				CLANG_WARN_ENUM_CONVERSION = YES;
				CLANG_WARN_INFINITE_RECURSION = YES;
				CLANG_WARN_INT_CONVERSION = YES;
				CLANG_WARN_NON_LITERAL_NULL_CONVERSION = YES;
				CLANG_WARN_OBJC_IMPLICIT_RETAIN_SELF = YES;
				CLANG_WARN_OBJC_LITERAL_CONVERSION = YES;
				CLANG_WARN_OBJC_ROOT_CLASS = YES_ERROR;
				CLANG_WARN_QUOTED_INCLUDE_IN_FRAMEWORK_HEADER = YES;
				CLANG_WARN_RANGE_LOOP_ANALYSIS = YES;
				CLANG_WARN_STRICT_PROTOTYPES = YES;
				CLANG_WARN_SUSPICIOUS_MOVE = YES;
				CLANG_WARN_UNGUARDED_AVAILABILITY = YES_AGGRESSIVE;
				CLANG_WARN_UNREACHABLE_CODE = YES;
				CLANG_WARN__DUPLICATE_METHOD_MATCH = YES;
				COPY_PHASE_STRIP = NO;
				DEBUG_INFORMATION_FORMAT = "dwarf-with-dsym";
				ENABLE_NS_ASSERTIONS = NO;
				ENABLE_STRICT_OBJC_MSGSEND = YES;
				GCC_C_LANGUAGE_STANDARD = gnu11;
				GCC_NO_COMMON_BLOCKS = YES;
				GCC_WARN_64_TO_32_BIT_CONVERSION = YES;
				GCC_WARN_ABOUT_RETURN_TYPE = YES_ERROR;
				GCC_WARN_UNDECLARED_SELECTOR = YES;
				GCC_WARN_UNINITIALIZED_AUTOS = YES_AGGRESSIVE;
				GCC_WARN_UNUSED_FUNCTION = YES;
				GCC_WARN_UNUSED_VARIABLE = YES;
				IPHONEOS_DEPLOYMENT_TARGET = 16.4;
				MTL_ENABLE_DEBUG_INFO = NO;
				MTL_FAST_MATH = YES;
				SDKROOT = iphoneos;
				SWIFT_COMPILATION_MODE = wholemodule;
				SWIFT_OPTIMIZATION_LEVEL = "-O";
				VALIDATE_PRODUCT = YES;
			};
			name = Release;
		};
		7AE7CBB02AA5A9C400C67898 /* Debug */ = {
			isa = XCBuildConfiguration;
			buildSettings = {
				ASSETCATALOG_COMPILER_APPICON_NAME = AppIcon;
				ASSETCATALOG_COMPILER_GLOBAL_ACCENT_COLOR_NAME = AccentColor;
				CODE_SIGN_IDENTITY = "Apple Development";
				CODE_SIGN_STYLE = Automatic;
				CURRENT_PROJECT_VERSION = 1;
				DEVELOPMENT_TEAM = "";
				GENERATE_INFOPLIST_FILE = YES;
				INFOPLIST_FILE = "Task-WebView/Info.plist";
				INFOPLIST_KEY_UIApplicationSupportsIndirectInputEvents = YES;
				INFOPLIST_KEY_UILaunchStoryboardName = LaunchScreen;
				INFOPLIST_KEY_UIMainStoryboardFile = Main;
				INFOPLIST_KEY_UISupportedInterfaceOrientations_iPad = "UIInterfaceOrientationPortrait UIInterfaceOrientationPortraitUpsideDown UIInterfaceOrientationLandscapeLeft UIInterfaceOrientationLandscapeRight";
				INFOPLIST_KEY_UISupportedInterfaceOrientations_iPhone = "UIInterfaceOrientationPortrait UIInterfaceOrientationLandscapeLeft UIInterfaceOrientationLandscapeRight";
				LD_RUNPATH_SEARCH_PATHS = (
					"$(inherited)",
					"@executable_path/Frameworks",
				);
				MARKETING_VERSION = 1.0;
				PRODUCT_BUNDLE_IDENTIFIER = "Com.ananth.Task-WebView";
				PRODUCT_NAME = "$(TARGET_NAME)";
				PROVISIONING_PROFILE_SPECIFIER = "";
				SWIFT_EMIT_LOC_STRINGS = YES;
				SWIFT_VERSION = 5.0;
				TARGETED_DEVICE_FAMILY = "1,2";
			};
			name = Debug;
		};
		7AE7CBB12AA5A9C400C67898 /* Release */ = {
			isa = XCBuildConfiguration;
			buildSettings = {
				ASSETCATALOG_COMPILER_APPICON_NAME = AppIcon;
				ASSETCATALOG_COMPILER_GLOBAL_ACCENT_COLOR_NAME = AccentColor;
				CODE_SIGN_STYLE = Automatic;
				CURRENT_PROJECT_VERSION = 1;
				DEVELOPMENT_TEAM = RUN39RF2RH;
				GENERATE_INFOPLIST_FILE = YES;
				INFOPLIST_FILE = "Task-WebView/Info.plist";
				INFOPLIST_KEY_UIApplicationSupportsIndirectInputEvents = YES;
				INFOPLIST_KEY_UILaunchStoryboardName = LaunchScreen;
				INFOPLIST_KEY_UIMainStoryboardFile = Main;
				INFOPLIST_KEY_UISupportedInterfaceOrientations_iPad = "UIInterfaceOrientationPortrait UIInterfaceOrientationPortraitUpsideDown UIInterfaceOrientationLandscapeLeft UIInterfaceOrientationLandscapeRight";
				INFOPLIST_KEY_UISupportedInterfaceOrientations_iPhone = "UIInterfaceOrientationPortrait UIInterfaceOrientationLandscapeLeft UIInterfaceOrientationLandscapeRight";
				LD_RUNPATH_SEARCH_PATHS = (
					"$(inherited)",
					"@executable_path/Frameworks",
				);
				MARKETING_VERSION = 1.0;
				PRODUCT_BUNDLE_IDENTIFIER = "Com.ananth.Task-WebView";
				PRODUCT_NAME = "$(TARGET_NAME)";
				SWIFT_EMIT_LOC_STRINGS = YES;
				SWIFT_VERSION = 5.0;
				TARGETED_DEVICE_FAMILY = "1,2";
			};
			name = Release;
		};
/* End XCBuildConfiguration section */

/* Begin XCConfigurationList section */
		7AE7CB962AA5A9C200C67898 /* Build configuration list for PBXProject "Task-WebView" */ = {
			isa = XCConfigurationList;
			buildConfigurations = (
				7AE7CBAD2AA5A9C400C67898 /* Debug */,
				7AE7CBAE2AA5A9C400C67898 /* Release */,
			);
			defaultConfigurationIsVisible = 0;
			defaultConfigurationName = Release;
		};
		7AE7CBAF2AA5A9C400C67898 /* Build configuration list for PBXNativeTarget "Task-WebView" */ = {
			isa = XCConfigurationList;
			buildConfigurations = (
				7AE7CBB02AA5A9C400C67898 /* Debug */,
				7AE7CBB12AA5A9C400C67898 /* Release */,
			);
			defaultConfigurationIsVisible = 0;
			defaultConfigurationName = Release;
		};
/* End XCConfigurationList section */
	};
	rootObject = 7AE7CB932AA5A9C200C67898 /* Project object */;
}
